
Microsoft Visual Studio Solution File, Format Version 12.00
# Visual Studio Version 17
VisualStudioVersion = 17.10.35122.118
MinimumVisualStudioVersion = 10.0.40219.1
Project("{FAE04EC0-301F-11D3-BF4B-00C04F79EFBC}") = "ThemeEngineLibrary", "ThemeEngineLibrary.csproj", "{48BCE9C1-28BE-424F-A395-29430CF1E783}"
EndProject
Global
	GlobalSection(SolutionConfigurationPlatforms) = preSolution
		Debug|Any CPU = Debug|Any CPU
		Release|Any CPU = Release|Any CPU
	EndGlobalSection
	GlobalSection(ProjectConfigurationPlatforms) = postSolution
		{48BCE9C1-28BE-424F-A395-29430CF1E783}.Debug|Any CPU.ActiveCfg = Debug|Any CPU
		{48BCE9C1-28BE-424F-A395-29430CF1E783}.Debug|Any CPU.Build.0 = Debug|Any CPU
		{48BCE9C1-28BE-424F-A395-29430CF1E783}.Release|Any CPU.ActiveCfg = Release|Any CPU
		{48BCE9C1-28BE-424F-A395-29430CF1E783}.Release|Any CPU.Build.0 = Release|Any CPU
	EndGlobalSection
	GlobalSection(SolutionProperties) = preSolution
		HideSolutionNode = FALSE
	EndGlobalSection
	GlobalSection(ExtensibilityGlobals) = postSolution
		SolutionGuid = {57864CA3-858B-4FC2-AD48-FF47F2D007CD}
	EndGlobalSection
EndGlobal
